
Microsoft Visual Studio Solution File, Format Version 12.00
# Visual Studio Version 17
VisualStudioVersion = 17.13.35931.197
MinimumVisualStudioVersion = 10.0.40219.1
Project("{FAE04EC0-301F-11D3-BF4B-00C04F79EFBC}") = "CAD", "CAD\CAD.csproj", "{55D7F6A2-0202-4700-8EDB-54850B869EED}"
EndProject
Project("{FAE04EC0-301F-11D3-BF4B-00C04F79EFBC}") = "CEN", "CEN\CEN.csproj", "{D9781681-75A4-4E3B-A7FB-C172A873BB06}"
EndProject
Project("{FAE04EC0-301F-11D3-BF4B-00C04F79EFBC}") = "CLN", "CLN\CLN.csproj", "{86D3F207-5D64-419F-9773-C272A18376AA}"
EndProject
Project("{FAE04EC0-301F-11D3-BF4B-00C04F79EFBC}") = "ApiSinapsisPt", "ApiSinapsisPt\ApiSinapsisPt.csproj", "{E7BB8223-F919-46E6-980F-032E1A7C2BCC}"
EndProject
Project("{FAE04EC0-301F-11D3-BF4B-00C04F79EFBC}") = "Service", "Service\Service.csproj", "{68C0581C-FDD3-4235-8159-B81C54A54812}"
EndProject
Global
	GlobalSection(SolutionConfigurationPlatforms) = preSolution
		Debug|Any CPU = Debug|Any CPU
		Release|Any CPU = Release|Any CPU
	EndGlobalSection
	GlobalSection(ProjectConfigurationPlatforms) = postSolution
		{55D7F6A2-0202-4700-8EDB-54850B869EED}.Debug|Any CPU.ActiveCfg = Debug|Any CPU
		{55D7F6A2-0202-4700-8EDB-54850B869EED}.Debug|Any CPU.Build.0 = Debug|Any CPU
		{55D7F6A2-0202-4700-8EDB-54850B869EED}.Release|Any CPU.ActiveCfg = Release|Any CPU
		{55D7F6A2-0202-4700-8EDB-54850B869EED}.Release|Any CPU.Build.0 = Release|Any CPU
		{D9781681-75A4-4E3B-A7FB-C172A873BB06}.Debug|Any CPU.ActiveCfg = Debug|Any CPU
		{D9781681-75A4-4E3B-A7FB-C172A873BB06}.Debug|Any CPU.Build.0 = Debug|Any CPU
		{D9781681-75A4-4E3B-A7FB-C172A873BB06}.Release|Any CPU.ActiveCfg = Release|Any CPU
		{D9781681-75A4-4E3B-A7FB-C172A873BB06}.Release|Any CPU.Build.0 = Release|Any CPU
		{86D3F207-5D64-419F-9773-C272A18376AA}.Debug|Any CPU.ActiveCfg = Debug|Any CPU
		{86D3F207-5D64-419F-9773-C272A18376AA}.Debug|Any CPU.Build.0 = Debug|Any CPU
		{86D3F207-5D64-419F-9773-C272A18376AA}.Release|Any CPU.ActiveCfg = Release|Any CPU
		{86D3F207-5D64-419F-9773-C272A18376AA}.Release|Any CPU.Build.0 = Release|Any CPU
		{E7BB8223-F919-46E6-980F-032E1A7C2BCC}.Debug|Any CPU.ActiveCfg = Debug|Any CPU
		{E7BB8223-F919-46E6-980F-032E1A7C2BCC}.Debug|Any CPU.Build.0 = Debug|Any CPU
		{E7BB8223-F919-46E6-980F-032E1A7C2BCC}.Release|Any CPU.ActiveCfg = Release|Any CPU
		{E7BB8223-F919-46E6-980F-032E1A7C2BCC}.Release|Any CPU.Build.0 = Release|Any CPU
		{68C0581C-FDD3-4235-8159-B81C54A54812}.Debug|Any CPU.ActiveCfg = Debug|Any CPU
		{68C0581C-FDD3-4235-8159-B81C54A54812}.Debug|Any CPU.Build.0 = Debug|Any CPU
		{68C0581C-FDD3-4235-8159-B81C54A54812}.Release|Any CPU.ActiveCfg = Release|Any CPU
		{68C0581C-FDD3-4235-8159-B81C54A54812}.Release|Any CPU.Build.0 = Release|Any CPU
	EndGlobalSection
	GlobalSection(SolutionProperties) = preSolution
		HideSolutionNode = FALSE
	EndGlobalSection
	GlobalSection(ExtensibilityGlobals) = postSolution
		SolutionGuid = {01CCD9B4-2824-44A7-AEC7-1ECBA1B8B6A1}
	EndGlobalSection
EndGlobal
